# This file was autogenerated by Stack.
# You should not edit this file by hand.
# For more information, please see the documentation at:
#   https://docs.haskellstack.org/en/stable/topics/lock_files

packages:
- completed:
    hackage: random-1.3.1@sha256:0b4f649c3e78713b2ccad1535251ee34b148237fb2229d7058c2b1d9ccc324b8,6004
    pantry-tree:
      sha256: 9e92209c00b0c00b7d1c503e15a27b67b74ac2e3b48269a9255893b06de6836c
      size: 1667
  original:
    hackage: random-1.3.1@sha256:0b4f649c3e78713b2ccad1535251ee34b148237fb2229d7058c2b1d9ccc324b8,6004
snapshots:
- completed:
    sha256: 3f59fb01f884a786c64e247ffe145df5f6045d929b1d2752b5ce768e37fd44e5
    size: 724510
    url: https://raw.githubusercontent.com/commercialhaskell/stackage-snapshots/master/lts/24/0.yaml
  original: lts-24.0
